
Microsoft Visual Studio Solution File, Format Version 12.00
# Visual Studio Version 17
VisualStudioVersion = 17.9.34714.143
MinimumVisualStudioVersion = 10.0.40219.1
Project("{2150E333-8FDC-42A3-9474-1A3956D46DE8}") = "Plugins", "Plugins", "{5F6E6896-96C7-4C1A-A82C-F3B73BAA045D}"
EndProject
Project("{9A19103F-16F7-4668-BE54-9A1E7A4F7556}") = "Core.AC", "Plugins\Core.AC\Core.AC.csproj", "{8D5EC52C-E4B5-45EF-9704-CC7E1EC4AE6B}"
EndProject
Project("{9A19103F-16F7-4668-BE54-9A1E7A4F7556}") = "Core.UI", "Plugins\Core.UI\Core.UI.csproj", "{8AD301FC-D603-44E6-964A-2F2BC3DE52AF}"
EndProject
Project("{9A19103F-16F7-4668-BE54-9A1E7A4F7556}") = "Core.DatService", "Plugins\Core.DatService\Core.DatService.csproj", "{26392A63-830C-4B66-A35E-23C1040125E0}"
EndProject
Project("{9A19103F-16F7-4668-BE54-9A1E7A4F7556}") = "Chorizite.Core", "Chorizite.Core\Chorizite.Core.csproj", "{ECFD7B76-6B27-4098-ADA2-34E42A711C24}"
EndProject
Project("{2150E333-8FDC-42A3-9474-1A3956D46DE8}") = "Launcher", "Launcher", "{5AA51DC6-0937-41EF-B929-E5C8818B2F67}"
EndProject
Project("{9A19103F-16F7-4668-BE54-9A1E7A4F7556}") = "Launcher", "Launcher\Launcher\Launcher.csproj", "{A4726E2C-FCC9-414E-9658-59A00236A9E0}"
EndProject
Project("{8BC9CEB8-8B4A-11D0-8D11-00A0C91BC942}") = "Chorizite.Bootstrapper", "Launcher\Chorizite.Bootstrapper\Chorizite.Bootstrapper.vcxproj", "{56DFC45C-49FB-4409-823E-EE54637F58A1}"
EndProject
Project("{2150E333-8FDC-42A3-9474-1A3956D46DE8}") = "ext", "ext", "{52AEE83B-EC3B-4515-ADD1-14F30847B5F8}"
EndProject
Project("{9A19103F-16F7-4668-BE54-9A1E7A4F7556}") = "Chorizite.ACProtocol", "ext\ACProtocol\Chorizite.ACProtocol\Chorizite.ACProtocol.csproj", "{91D37015-E1C3-481C-B246-76711EABE6F6}"
EndProject
Project("{9A19103F-16F7-4668-BE54-9A1E7A4F7556}") = "Chorizite.ACProtocol.SourceGen", "ext\ACProtocol\Chorizite.ACProtocol.SourceGen\Chorizite.ACProtocol.SourceGen.csproj", "{44A6DA3C-3B5E-4C3C-BA6E-009542A344FB}"
EndProject
Project("{9A19103F-16F7-4668-BE54-9A1E7A4F7556}") = "RmlUI.Net", "ext\RmlUI.Net\RmlUI.Net.csproj", "{6332AA6A-8447-48AA-A62D-4ECD31A0DD8F}"
EndProject
Project("{9A19103F-16F7-4668-BE54-9A1E7A4F7556}") = "Core.Launcher", "Plugins\Core.Launcher\Core.Launcher.csproj", "{9A1F640F-70CE-4832-A716-C3B7E1562B5C}"
EndProject
Project("{2150E333-8FDC-42A3-9474-1A3956D46DE8}") = "Solution Items", "Solution Items", "{522C4DD8-4502-4BD9-9010-A5F5AE96FDC9}"
	ProjectSection(SolutionItems) = preProject
		LICENSE.md = LICENSE.md
		README.md = README.md
	EndProjectSection
EndProject
Project("{9A19103F-16F7-4668-BE54-9A1E7A4F7556}") = "Chorizite.Loader.Standalone", "Launcher\Chorizite.Loader.Standalone\Chorizite.Loader.Standalone.csproj", "{A9FB6442-D33F-4D41-AA9F-0916F1750565}"
EndProject
Project("{2150E333-8FDC-42A3-9474-1A3956D46DE8}") = "Chorizite.SourceGen", "Chorizite.SourceGen", "{C7CD0069-3FFB-4235-937D-0BD68D221330}"
EndProject
Project("{9A19103F-16F7-4668-BE54-9A1E7A4F7556}") = "Chorizite.SourceGen", "Chorizite.SourceGen\Chorizite.SourceGen\Chorizite.SourceGen.csproj", "{37B58086-1646-4EF2-A054-D810FC2D383B}"
EndProject
Project("{9A19103F-16F7-4668-BE54-9A1E7A4F7556}") = "Chorizite.SourceGen.Tests", "Chorizite.SourceGen\Chorizite.SourceGen.Tests\Chorizite.SourceGen.Tests.csproj", "{AE22ADD9-34AD-4443-86FD-5154DCBA47F8}"
EndProject
Project("{9A19103F-16F7-4668-BE54-9A1E7A4F7556}") = "Chorizite.SourceAnalyzer", "Chorizite.SourceGen\Chorizite.SourceAnalyzer\Chorizite.SourceAnalyzer\Chorizite.SourceAnalyzer.csproj", "{43569ECA-3574-4707-B4AA-3EE4859E3E1F}"
EndProject
Project("{9A19103F-16F7-4668-BE54-9A1E7A4F7556}") = "Chorizite.SourceAnalyzer.CodeFixes", "Chorizite.SourceGen\Chorizite.SourceAnalyzer\Chorizite.SourceAnalyzer.CodeFixes\Chorizite.SourceAnalyzer.CodeFixes.csproj", "{F1587CAC-45F9-497B-A0BB-E351B076C570}"
EndProject
Project("{9A19103F-16F7-4668-BE54-9A1E7A4F7556}") = "Chorizite.SourceAnalyzer.Package", "Chorizite.SourceGen\Chorizite.SourceAnalyzer\Chorizite.SourceAnalyzer.Package\Chorizite.SourceAnalyzer.Package.csproj", "{E056230D-E325-4CBC-A2EE-CAFF58E68F45}"
EndProject
Project("{9A19103F-16F7-4668-BE54-9A1E7A4F7556}") = "Chorizite.SourceAnalyzer.Test", "Chorizite.SourceGen\Chorizite.SourceAnalyzer\Chorizite.SourceAnalyzer.Test\Chorizite.SourceAnalyzer.Test.csproj", "{7903C7D3-01FD-488A-A327-D322459BC353}"
EndProject
Project("{9A19103F-16F7-4668-BE54-9A1E7A4F7556}") = "Chorizite.SourceAnalyzer.Vsix", "Chorizite.SourceGen\Chorizite.SourceAnalyzer\Chorizite.SourceAnalyzer.Vsix\Chorizite.SourceAnalyzer.Vsix.csproj", "{AC9553C6-DB9F-4D52-9EDF-F392AA7EC6C9}"
EndProject
Project("{9A19103F-16F7-4668-BE54-9A1E7A4F7556}") = "Chorizite.Common", "Chorizite.Common\Chorizite.Common.csproj", "{04A378EC-18B3-42A8-923A-6A8D4B8F4716}"
EndProject
Project("{9A19103F-16F7-4668-BE54-9A1E7A4F7556}") = "AuctionHouse", "Plugins\AuctionHouse\AuctionHouse.csproj", "{FAF72E7C-9EFC-43EC-BA04-E5EACCF3FEA0}"
EndProject
Project("{9A19103F-16F7-4668-BE54-9A1E7A4F7556}") = "Core.DearImGui", "Plugins\Core.DearImGui\Core.DearImGui.csproj", "{BDE2D3AD-FEE6-43A5-9428-176B232DC07B}"
EndProject
Project("{9A19103F-16F7-4668-BE54-9A1E7A4F7556}") = "Core.AC.Debugger", "Plugins\Core.AC.Debugger\Core.AC.Debugger.csproj", "{B211CB30-DAF2-4DB7-AD56-54A8CD2CF82E}"
EndProject
Project("{9A19103F-16F7-4668-BE54-9A1E7A4F7556}") = "Core.AC.HookDev", "Plugins\Core.AC.HookDev\Core.AC.HookDev.csproj", "{ED482583-1872-4784-A7C3-3AD07AB0FA14}"
EndProject
Project("{2150E333-8FDC-42A3-9474-1A3956D46DE8}") = "Chorizite.DocGen", "Chorizite.DocGen", "{1B04BB5A-0007-417F-A5C2-94BA8CD162E1}"
EndProject
Project("{FAE04EC0-301F-11D3-BF4B-00C04F79EFBC}") = "Chorizite.DocGen.LuaDefs", "ext\Chorizite.DocGen\Chorizite.DocGen.LuaDefs\Chorizite.DocGen.LuaDefs.csproj", "{2F2F828C-4F8B-4EF4-9E0F-0148D9B05A26}"
EndProject
Global
	GlobalSection(SolutionConfigurationPlatforms) = preSolution
		Debug|Any CPU = Debug|Any CPU
		Release|Any CPU = Release|Any CPU
	EndGlobalSection
	GlobalSection(ProjectConfigurationPlatforms) = postSolution
		{8D5EC52C-E4B5-45EF-9704-CC7E1EC4AE6B}.Debug|Any CPU.ActiveCfg = Debug|Any CPU
		{8D5EC52C-E4B5-45EF-9704-CC7E1EC4AE6B}.Debug|Any CPU.Build.0 = Debug|Any CPU
		{8D5EC52C-E4B5-45EF-9704-CC7E1EC4AE6B}.Release|Any CPU.ActiveCfg = Release|Any CPU
		{8D5EC52C-E4B5-45EF-9704-CC7E1EC4AE6B}.Release|Any CPU.Build.0 = Release|Any CPU
		{8AD301FC-D603-44E6-964A-2F2BC3DE52AF}.Debug|Any CPU.ActiveCfg = Debug|Any CPU
		{8AD301FC-D603-44E6-964A-2F2BC3DE52AF}.Debug|Any CPU.Build.0 = Debug|Any CPU
		{8AD301FC-D603-44E6-964A-2F2BC3DE52AF}.Release|Any CPU.ActiveCfg = Release|Any CPU
		{8AD301FC-D603-44E6-964A-2F2BC3DE52AF}.Release|Any CPU.Build.0 = Release|Any CPU
		{26392A63-830C-4B66-A35E-23C1040125E0}.Debug|Any CPU.ActiveCfg = Debug|Any CPU
		{26392A63-830C-4B66-A35E-23C1040125E0}.Debug|Any CPU.Build.0 = Debug|Any CPU
		{26392A63-830C-4B66-A35E-23C1040125E0}.Release|Any CPU.ActiveCfg = Release|Any CPU
		{26392A63-830C-4B66-A35E-23C1040125E0}.Release|Any CPU.Build.0 = Release|Any CPU
		{ECFD7B76-6B27-4098-ADA2-34E42A711C24}.Debug|Any CPU.ActiveCfg = Debug|Any CPU
		{ECFD7B76-6B27-4098-ADA2-34E42A711C24}.Debug|Any CPU.Build.0 = Debug|Any CPU
		{ECFD7B76-6B27-4098-ADA2-34E42A711C24}.Release|Any CPU.ActiveCfg = Release|Any CPU
		{ECFD7B76-6B27-4098-ADA2-34E42A711C24}.Release|Any CPU.Build.0 = Release|Any CPU
		{A4726E2C-FCC9-414E-9658-59A00236A9E0}.Debug|Any CPU.ActiveCfg = Debug|x86
		{A4726E2C-FCC9-414E-9658-59A00236A9E0}.Debug|Any CPU.Build.0 = Debug|x86
		{A4726E2C-FCC9-414E-9658-59A00236A9E0}.Release|Any CPU.ActiveCfg = Release|x86
		{A4726E2C-FCC9-414E-9658-59A00236A9E0}.Release|Any CPU.Build.0 = Release|x86
		{56DFC45C-49FB-4409-823E-EE54637F58A1}.Debug|Any CPU.ActiveCfg = Debug|Win32
		{56DFC45C-49FB-4409-823E-EE54637F58A1}.Debug|Any CPU.Build.0 = Debug|Win32
		{56DFC45C-49FB-4409-823E-EE54637F58A1}.Release|Any CPU.ActiveCfg = Release|Win32
		{56DFC45C-49FB-4409-823E-EE54637F58A1}.Release|Any CPU.Build.0 = Release|Win32
		{91D37015-E1C3-481C-B246-76711EABE6F6}.Debug|Any CPU.ActiveCfg = Debug|Any CPU
		{91D37015-E1C3-481C-B246-76711EABE6F6}.Debug|Any CPU.Build.0 = Debug|Any CPU
		{91D37015-E1C3-481C-B246-76711EABE6F6}.Release|Any CPU.ActiveCfg = Release|Any CPU
		{91D37015-E1C3-481C-B246-76711EABE6F6}.Release|Any CPU.Build.0 = Release|Any CPU
		{44A6DA3C-3B5E-4C3C-BA6E-009542A344FB}.Debug|Any CPU.ActiveCfg = Debug|Any CPU
		{44A6DA3C-3B5E-4C3C-BA6E-009542A344FB}.Debug|Any CPU.Build.0 = Debug|Any CPU
		{44A6DA3C-3B5E-4C3C-BA6E-009542A344FB}.Release|Any CPU.ActiveCfg = Release|Any CPU
		{44A6DA3C-3B5E-4C3C-BA6E-009542A344FB}.Release|Any CPU.Build.0 = Release|Any CPU
		{6332AA6A-8447-48AA-A62D-4ECD31A0DD8F}.Debug|Any CPU.ActiveCfg = Debug|Any CPU
		{6332AA6A-8447-48AA-A62D-4ECD31A0DD8F}.Debug|Any CPU.Build.0 = Debug|Any CPU
		{6332AA6A-8447-48AA-A62D-4ECD31A0DD8F}.Release|Any CPU.ActiveCfg = Release|Any CPU
		{6332AA6A-8447-48AA-A62D-4ECD31A0DD8F}.Release|Any CPU.Build.0 = Release|Any CPU
		{9A1F640F-70CE-4832-A716-C3B7E1562B5C}.Debug|Any CPU.ActiveCfg = Debug|Any CPU
		{9A1F640F-70CE-4832-A716-C3B7E1562B5C}.Debug|Any CPU.Build.0 = Debug|Any CPU
		{9A1F640F-70CE-4832-A716-C3B7E1562B5C}.Release|Any CPU.ActiveCfg = Release|Any CPU
		{9A1F640F-70CE-4832-A716-C3B7E1562B5C}.Release|Any CPU.Build.0 = Release|Any CPU
		{A9FB6442-D33F-4D41-AA9F-0916F1750565}.Debug|Any CPU.ActiveCfg = Debug|Any CPU
		{A9FB6442-D33F-4D41-AA9F-0916F1750565}.Debug|Any CPU.Build.0 = Debug|Any CPU
		{A9FB6442-D33F-4D41-AA9F-0916F1750565}.Release|Any CPU.ActiveCfg = Release|Any CPU
		{A9FB6442-D33F-4D41-AA9F-0916F1750565}.Release|Any CPU.Build.0 = Release|Any CPU
		{37B58086-1646-4EF2-A054-D810FC2D383B}.Debug|Any CPU.ActiveCfg = Debug|Any CPU
		{37B58086-1646-4EF2-A054-D810FC2D383B}.Debug|Any CPU.Build.0 = Debug|Any CPU
		{37B58086-1646-4EF2-A054-D810FC2D383B}.Release|Any CPU.ActiveCfg = Release|Any CPU
		{37B58086-1646-4EF2-A054-D810FC2D383B}.Release|Any CPU.Build.0 = Release|Any CPU
		{AE22ADD9-34AD-4443-86FD-5154DCBA47F8}.Debug|Any CPU.ActiveCfg = Debug|Any CPU
		{AE22ADD9-34AD-4443-86FD-5154DCBA47F8}.Debug|Any CPU.Build.0 = Debug|Any CPU
		{AE22ADD9-34AD-4443-86FD-5154DCBA47F8}.Release|Any CPU.ActiveCfg = Release|Any CPU
		{AE22ADD9-34AD-4443-86FD-5154DCBA47F8}.Release|Any CPU.Build.0 = Release|Any CPU
		{43569ECA-3574-4707-B4AA-3EE4859E3E1F}.Debug|Any CPU.ActiveCfg = Debug|Any CPU
		{43569ECA-3574-4707-B4AA-3EE4859E3E1F}.Debug|Any CPU.Build.0 = Debug|Any CPU
		{43569ECA-3574-4707-B4AA-3EE4859E3E1F}.Release|Any CPU.ActiveCfg = Release|Any CPU
		{43569ECA-3574-4707-B4AA-3EE4859E3E1F}.Release|Any CPU.Build.0 = Release|Any CPU
		{F1587CAC-45F9-497B-A0BB-E351B076C570}.Debug|Any CPU.ActiveCfg = Debug|Any CPU
		{F1587CAC-45F9-497B-A0BB-E351B076C570}.Debug|Any CPU.Build.0 = Debug|Any CPU
		{F1587CAC-45F9-497B-A0BB-E351B076C570}.Release|Any CPU.ActiveCfg = Release|Any CPU
		{F1587CAC-45F9-497B-A0BB-E351B076C570}.Release|Any CPU.Build.0 = Release|Any CPU
		{E056230D-E325-4CBC-A2EE-CAFF58E68F45}.Debug|Any CPU.ActiveCfg = Debug|Any CPU
		{E056230D-E325-4CBC-A2EE-CAFF58E68F45}.Debug|Any CPU.Build.0 = Debug|Any CPU
		{E056230D-E325-4CBC-A2EE-CAFF58E68F45}.Release|Any CPU.ActiveCfg = Release|Any CPU
		{E056230D-E325-4CBC-A2EE-CAFF58E68F45}.Release|Any CPU.Build.0 = Release|Any CPU
		{7903C7D3-01FD-488A-A327-D322459BC353}.Debug|Any CPU.ActiveCfg = Debug|Any CPU
		{7903C7D3-01FD-488A-A327-D322459BC353}.Debug|Any CPU.Build.0 = Debug|Any CPU
		{7903C7D3-01FD-488A-A327-D322459BC353}.Release|Any CPU.ActiveCfg = Release|Any CPU
		{7903C7D3-01FD-488A-A327-D322459BC353}.Release|Any CPU.Build.0 = Release|Any CPU
		{AC9553C6-DB9F-4D52-9EDF-F392AA7EC6C9}.Debug|Any CPU.ActiveCfg = Debug|Any CPU
		{AC9553C6-DB9F-4D52-9EDF-F392AA7EC6C9}.Debug|Any CPU.Build.0 = Debug|Any CPU
		{AC9553C6-DB9F-4D52-9EDF-F392AA7EC6C9}.Release|Any CPU.ActiveCfg = Release|Any CPU
		{AC9553C6-DB9F-4D52-9EDF-F392AA7EC6C9}.Release|Any CPU.Build.0 = Release|Any CPU
		{04A378EC-18B3-42A8-923A-6A8D4B8F4716}.Debug|Any CPU.ActiveCfg = Debug|Any CPU
		{04A378EC-18B3-42A8-923A-6A8D4B8F4716}.Debug|Any CPU.Build.0 = Debug|Any CPU
		{04A378EC-18B3-42A8-923A-6A8D4B8F4716}.Release|Any CPU.ActiveCfg = Release|Any CPU
		{04A378EC-18B3-42A8-923A-6A8D4B8F4716}.Release|Any CPU.Build.0 = Release|Any CPU
		{FAF72E7C-9EFC-43EC-BA04-E5EACCF3FEA0}.Debug|Any CPU.ActiveCfg = Debug|Any CPU
		{FAF72E7C-9EFC-43EC-BA04-E5EACCF3FEA0}.Debug|Any CPU.Build.0 = Debug|Any CPU
		{FAF72E7C-9EFC-43EC-BA04-E5EACCF3FEA0}.Release|Any CPU.ActiveCfg = Release|Any CPU
		{FAF72E7C-9EFC-43EC-BA04-E5EACCF3FEA0}.Release|Any CPU.Build.0 = Release|Any CPU
		{BDE2D3AD-FEE6-43A5-9428-176B232DC07B}.Debug|Any CPU.ActiveCfg = Debug|Any CPU
		{BDE2D3AD-FEE6-43A5-9428-176B232DC07B}.Debug|Any CPU.Build.0 = Debug|Any CPU
		{BDE2D3AD-FEE6-43A5-9428-176B232DC07B}.Release|Any CPU.ActiveCfg = Release|Any CPU
		{BDE2D3AD-FEE6-43A5-9428-176B232DC07B}.Release|Any CPU.Build.0 = Release|Any CPU
		{B211CB30-DAF2-4DB7-AD56-54A8CD2CF82E}.Debug|Any CPU.ActiveCfg = Debug|Any CPU
		{B211CB30-DAF2-4DB7-AD56-54A8CD2CF82E}.Debug|Any CPU.Build.0 = Debug|Any CPU
		{B211CB30-DAF2-4DB7-AD56-54A8CD2CF82E}.Release|Any CPU.ActiveCfg = Release|Any CPU
		{B211CB30-DAF2-4DB7-AD56-54A8CD2CF82E}.Release|Any CPU.Build.0 = Release|Any CPU
		{ED482583-1872-4784-A7C3-3AD07AB0FA14}.Debug|Any CPU.ActiveCfg = Debug|Any CPU
		{ED482583-1872-4784-A7C3-3AD07AB0FA14}.Debug|Any CPU.Build.0 = Debug|Any CPU
		{ED482583-1872-4784-A7C3-3AD07AB0FA14}.Release|Any CPU.ActiveCfg = Release|Any CPU
		{ED482583-1872-4784-A7C3-3AD07AB0FA14}.Release|Any CPU.Build.0 = Release|Any CPU
		{2F2F828C-4F8B-4EF4-9E0F-0148D9B05A26}.Debug|Any CPU.ActiveCfg = Debug|Any CPU
		{2F2F828C-4F8B-4EF4-9E0F-0148D9B05A26}.Debug|Any CPU.Build.0 = Debug|Any CPU
		{2F2F828C-4F8B-4EF4-9E0F-0148D9B05A26}.Release|Any CPU.ActiveCfg = Release|Any CPU
		{2F2F828C-4F8B-4EF4-9E0F-0148D9B05A26}.Release|Any CPU.Build.0 = Release|Any CPU
	EndGlobalSection
	GlobalSection(SolutionProperties) = preSolution
		HideSolutionNode = FALSE
	EndGlobalSection
	GlobalSection(NestedProjects) = preSolution
		{8D5EC52C-E4B5-45EF-9704-CC7E1EC4AE6B} = {5F6E6896-96C7-4C1A-A82C-F3B73BAA045D}
		{8AD301FC-D603-44E6-964A-2F2BC3DE52AF} = {5F6E6896-96C7-4C1A-A82C-F3B73BAA045D}
		{26392A63-830C-4B66-A35E-23C1040125E0} = {5F6E6896-96C7-4C1A-A82C-F3B73BAA045D}
		{A4726E2C-FCC9-414E-9658-59A00236A9E0} = {5AA51DC6-0937-41EF-B929-E5C8818B2F67}
		{56DFC45C-49FB-4409-823E-EE54637F58A1} = {5AA51DC6-0937-41EF-B929-E5C8818B2F67}
		{91D37015-E1C3-481C-B246-76711EABE6F6} = {52AEE83B-EC3B-4515-ADD1-14F30847B5F8}
		{44A6DA3C-3B5E-4C3C-BA6E-009542A344FB} = {52AEE83B-EC3B-4515-ADD1-14F30847B5F8}
		{6332AA6A-8447-48AA-A62D-4ECD31A0DD8F} = {52AEE83B-EC3B-4515-ADD1-14F30847B5F8}
		{9A1F640F-70CE-4832-A716-C3B7E1562B5C} = {5F6E6896-96C7-4C1A-A82C-F3B73BAA045D}
		{A9FB6442-D33F-4D41-AA9F-0916F1750565} = {5AA51DC6-0937-41EF-B929-E5C8818B2F67}
		{C7CD0069-3FFB-4235-937D-0BD68D221330} = {52AEE83B-EC3B-4515-ADD1-14F30847B5F8}
		{37B58086-1646-4EF2-A054-D810FC2D383B} = {C7CD0069-3FFB-4235-937D-0BD68D221330}
		{AE22ADD9-34AD-4443-86FD-5154DCBA47F8} = {C7CD0069-3FFB-4235-937D-0BD68D221330}
		{43569ECA-3574-4707-B4AA-3EE4859E3E1F} = {C7CD0069-3FFB-4235-937D-0BD68D221330}
		{F1587CAC-45F9-497B-A0BB-E351B076C570} = {C7CD0069-3FFB-4235-937D-0BD68D221330}
		{E056230D-E325-4CBC-A2EE-CAFF58E68F45} = {C7CD0069-3FFB-4235-937D-0BD68D221330}
		{7903C7D3-01FD-488A-A327-D322459BC353} = {C7CD0069-3FFB-4235-937D-0BD68D221330}
		{AC9553C6-DB9F-4D52-9EDF-F392AA7EC6C9} = {C7CD0069-3FFB-4235-937D-0BD68D221330}
		{FAF72E7C-9EFC-43EC-BA04-E5EACCF3FEA0} = {5F6E6896-96C7-4C1A-A82C-F3B73BAA045D}
		{BDE2D3AD-FEE6-43A5-9428-176B232DC07B} = {5F6E6896-96C7-4C1A-A82C-F3B73BAA045D}
		{B211CB30-DAF2-4DB7-AD56-54A8CD2CF82E} = {5F6E6896-96C7-4C1A-A82C-F3B73BAA045D}
		{ED482583-1872-4784-A7C3-3AD07AB0FA14} = {5F6E6896-96C7-4C1A-A82C-F3B73BAA045D}
		{1B04BB5A-0007-417F-A5C2-94BA8CD162E1} = {52AEE83B-EC3B-4515-ADD1-14F30847B5F8}
		{2F2F828C-4F8B-4EF4-9E0F-0148D9B05A26} = {1B04BB5A-0007-417F-A5C2-94BA8CD162E1}
	EndGlobalSection
	GlobalSection(ExtensibilityGlobals) = postSolution
		SolutionGuid = {D5286075-97E5-49DE-8AF3-E6209692A3AF}
	EndGlobalSection
EndGlobal
