
Microsoft Visual Studio Solution File, Format Version 12.00
# Visual Studio Version 17
VisualStudioVersion = 17.9.34714.143
MinimumVisualStudioVersion = 10.0.40219.1
Project("{2150E333-8FDC-42A3-9474-1A3956D46DE8}") = "Plugins", "Plugins", "{5F6E6896-96C7-4C1A-A82C-F3B73BAA045D}"
EndProject
Project("{9A19103F-16F7-4668-BE54-9A1E7A4F7556}") = "Core.AC", "Plugins\Core.AC\Core.AC.csproj", "{8D5EC52C-E4B5-45EF-9704-CC7E1EC4AE6B}"
EndProject
Project("{9A19103F-16F7-4668-BE54-9A1E7A4F7556}") = "Core.DatService", "Plugins\Core.DatService\Core.DatService.csproj", "{26392A63-830C-4B66-A35E-23C1040125E0}"
EndProject
Project("{9A19103F-16F7-4668-BE54-9A1E7A4F7556}") = "Chorizite.Core", "Chorizite.Core\Chorizite.Core.csproj", "{ECFD7B76-6B27-4098-ADA2-34E42A711C24}"
EndProject
Project("{2150E333-8FDC-42A3-9474-1A3956D46DE8}") = "Launcher", "Launcher", "{5AA51DC6-0937-41EF-B929-E5C8818B2F67}"
EndProject
Project("{9A19103F-16F7-4668-BE54-9A1E7A4F7556}") = "Launcher", "Launcher\Launcher\Launcher.csproj", "{A4726E2C-FCC9-414E-9658-59A00236A9E0}"
EndProject
Project("{9A19103F-16F7-4668-BE54-9A1E7A4F7556}") = "Launcher", "Plugins\Core.Launcher\Launcher.csproj", "{9A1F640F-70CE-4832-A716-C3B7E1562B5C}"
EndProject
Project("{2150E333-8FDC-42A3-9474-1A3956D46DE8}") = "Solution Items", "Solution Items", "{522C4DD8-4502-4BD9-9010-A5F5AE96FDC9}"
	ProjectSection(SolutionItems) = preProject
		.github\workflows\build.yml = .github\workflows\build.yml
		Installer\dotnetcore.nsh = Installer\dotnetcore.nsh
		GitVersion.yml = GitVersion.yml
		Installer\Installer.nsi = Installer\Installer.nsi
		LICENSE.md = LICENSE.md
		.github\workflows\make-release.yml = .github\workflows\make-release.yml
		README.md = README.md
		Installer\vcredist.nsh = Installer\vcredist.nsh
	EndProjectSection
EndProject
Project("{9A19103F-16F7-4668-BE54-9A1E7A4F7556}") = "Chorizite.NativeClientBootstrapper", "Launcher\Chorizite.NativeClientBootstrapper\Chorizite.NativeClientBootstrapper.csproj", "{A9FB6442-D33F-4D41-AA9F-0916F1750565}"
EndProject
Project("{9A19103F-16F7-4668-BE54-9A1E7A4F7556}") = "AuctionHouse", "Plugins\AuctionHouse\AuctionHouse.csproj", "{FAF72E7C-9EFC-43EC-BA04-E5EACCF3FEA0}"
EndProject
Project("{9A19103F-16F7-4668-BE54-9A1E7A4F7556}") = "Core.DearImGui", "Plugins\Core.DearImGui\Core.DearImGui.csproj", "{BDE2D3AD-FEE6-43A5-9428-176B232DC07B}"
EndProject
Project("{9A19103F-16F7-4668-BE54-9A1E7A4F7556}") = "Core.AC.Debugger", "Plugins\Core.AC.Debugger\Core.AC.Debugger.csproj", "{B211CB30-DAF2-4DB7-AD56-54A8CD2CF82E}"
EndProject
Project("{9A19103F-16F7-4668-BE54-9A1E7A4F7556}") = "Core.AC.HookDev", "Plugins\Core.AC.HookDev\Core.AC.HookDev.csproj", "{ED482583-1872-4784-A7C3-3AD07AB0FA14}"
EndProject
Project("{2150E333-8FDC-42A3-9474-1A3956D46DE8}") = "Tests", "Tests", "{189167BA-01A1-44D2-91FF-C2618E096B8D}"
EndProject
Project("{9A19103F-16F7-4668-BE54-9A1E7A4F7556}") = "Chorizite.Core.Tests", "Tests\Chorizite.Core.Tests\Chorizite.Core.Tests.csproj", "{94F24AF9-BFD2-41B2-9052-3696EC93357C}"
EndProject
Project("{9A19103F-16F7-4668-BE54-9A1E7A4F7556}") = "Chorizite.DocGen.LuaDefs", "Chorizite.DocGen\Chorizite.DocGen.LuaDefs\Chorizite.DocGen.LuaDefs.csproj", "{8E8C6E85-E0E7-42B4-BE11-2017D44D5EFD}"
EndProject
Project("{9A19103F-16F7-4668-BE54-9A1E7A4F7556}") = "PluginManagerUI", "Plugins\PluginManagerUI\PluginManagerUI.csproj", "{7442F7F9-F0A8-4633-9E88-AF09949CE606}"
EndProject
Global
	GlobalSection(SolutionConfigurationPlatforms) = preSolution
		Debug|Any CPU = Debug|Any CPU
		Release|Any CPU = Release|Any CPU
	EndGlobalSection
	GlobalSection(ProjectConfigurationPlatforms) = postSolution
		{8D5EC52C-E4B5-45EF-9704-CC7E1EC4AE6B}.Debug|Any CPU.ActiveCfg = Debug|Any CPU
		{8D5EC52C-E4B5-45EF-9704-CC7E1EC4AE6B}.Debug|Any CPU.Build.0 = Debug|Any CPU
		{8D5EC52C-E4B5-45EF-9704-CC7E1EC4AE6B}.Release|Any CPU.ActiveCfg = Release|Any CPU
		{8D5EC52C-E4B5-45EF-9704-CC7E1EC4AE6B}.Release|Any CPU.Build.0 = Release|Any CPU
		{26392A63-830C-4B66-A35E-23C1040125E0}.Debug|Any CPU.ActiveCfg = Debug|Any CPU
		{26392A63-830C-4B66-A35E-23C1040125E0}.Debug|Any CPU.Build.0 = Debug|Any CPU
		{26392A63-830C-4B66-A35E-23C1040125E0}.Release|Any CPU.ActiveCfg = Release|Any CPU
		{26392A63-830C-4B66-A35E-23C1040125E0}.Release|Any CPU.Build.0 = Release|Any CPU
		{ECFD7B76-6B27-4098-ADA2-34E42A711C24}.Debug|Any CPU.ActiveCfg = Debug|Any CPU
		{ECFD7B76-6B27-4098-ADA2-34E42A711C24}.Debug|Any CPU.Build.0 = Debug|Any CPU
		{ECFD7B76-6B27-4098-ADA2-34E42A711C24}.Release|Any CPU.ActiveCfg = Release|Any CPU
		{ECFD7B76-6B27-4098-ADA2-34E42A711C24}.Release|Any CPU.Build.0 = Release|Any CPU
		{A4726E2C-FCC9-414E-9658-59A00236A9E0}.Debug|Any CPU.ActiveCfg = Debug|x86
		{A4726E2C-FCC9-414E-9658-59A00236A9E0}.Debug|Any CPU.Build.0 = Debug|x86
		{A4726E2C-FCC9-414E-9658-59A00236A9E0}.Release|Any CPU.ActiveCfg = Release|x86
		{A4726E2C-FCC9-414E-9658-59A00236A9E0}.Release|Any CPU.Build.0 = Release|x86
		{9A1F640F-70CE-4832-A716-C3B7E1562B5C}.Debug|Any CPU.ActiveCfg = Debug|Any CPU
		{9A1F640F-70CE-4832-A716-C3B7E1562B5C}.Debug|Any CPU.Build.0 = Debug|Any CPU
		{9A1F640F-70CE-4832-A716-C3B7E1562B5C}.Release|Any CPU.ActiveCfg = Release|Any CPU
		{9A1F640F-70CE-4832-A716-C3B7E1562B5C}.Release|Any CPU.Build.0 = Release|Any CPU
		{A9FB6442-D33F-4D41-AA9F-0916F1750565}.Debug|Any CPU.ActiveCfg = Debug|Any CPU
		{A9FB6442-D33F-4D41-AA9F-0916F1750565}.Debug|Any CPU.Build.0 = Debug|Any CPU
		{A9FB6442-D33F-4D41-AA9F-0916F1750565}.Release|Any CPU.ActiveCfg = Release|Any CPU
		{A9FB6442-D33F-4D41-AA9F-0916F1750565}.Release|Any CPU.Build.0 = Release|Any CPU
		{FAF72E7C-9EFC-43EC-BA04-E5EACCF3FEA0}.Debug|Any CPU.ActiveCfg = Debug|Any CPU
		{FAF72E7C-9EFC-43EC-BA04-E5EACCF3FEA0}.Debug|Any CPU.Build.0 = Debug|Any CPU
		{FAF72E7C-9EFC-43EC-BA04-E5EACCF3FEA0}.Release|Any CPU.ActiveCfg = Release|Any CPU
		{FAF72E7C-9EFC-43EC-BA04-E5EACCF3FEA0}.Release|Any CPU.Build.0 = Release|Any CPU
		{BDE2D3AD-FEE6-43A5-9428-176B232DC07B}.Debug|Any CPU.ActiveCfg = Debug|Any CPU
		{BDE2D3AD-FEE6-43A5-9428-176B232DC07B}.Debug|Any CPU.Build.0 = Debug|Any CPU
		{BDE2D3AD-FEE6-43A5-9428-176B232DC07B}.Release|Any CPU.ActiveCfg = Release|Any CPU
		{BDE2D3AD-FEE6-43A5-9428-176B232DC07B}.Release|Any CPU.Build.0 = Release|Any CPU
		{B211CB30-DAF2-4DB7-AD56-54A8CD2CF82E}.Debug|Any CPU.ActiveCfg = Debug|Any CPU
		{B211CB30-DAF2-4DB7-AD56-54A8CD2CF82E}.Debug|Any CPU.Build.0 = Debug|Any CPU
		{B211CB30-DAF2-4DB7-AD56-54A8CD2CF82E}.Release|Any CPU.ActiveCfg = Release|Any CPU
		{B211CB30-DAF2-4DB7-AD56-54A8CD2CF82E}.Release|Any CPU.Build.0 = Release|Any CPU
		{ED482583-1872-4784-A7C3-3AD07AB0FA14}.Debug|Any CPU.ActiveCfg = Debug|Any CPU
		{ED482583-1872-4784-A7C3-3AD07AB0FA14}.Debug|Any CPU.Build.0 = Debug|Any CPU
		{ED482583-1872-4784-A7C3-3AD07AB0FA14}.Release|Any CPU.ActiveCfg = Release|Any CPU
		{ED482583-1872-4784-A7C3-3AD07AB0FA14}.Release|Any CPU.Build.0 = Release|Any CPU
		{94F24AF9-BFD2-41B2-9052-3696EC93357C}.Debug|Any CPU.ActiveCfg = Debug|Any CPU
		{94F24AF9-BFD2-41B2-9052-3696EC93357C}.Debug|Any CPU.Build.0 = Debug|Any CPU
		{94F24AF9-BFD2-41B2-9052-3696EC93357C}.Release|Any CPU.ActiveCfg = Release|Any CPU
		{94F24AF9-BFD2-41B2-9052-3696EC93357C}.Release|Any CPU.Build.0 = Release|Any CPU
		{8E8C6E85-E0E7-42B4-BE11-2017D44D5EFD}.Debug|Any CPU.ActiveCfg = Debug|Any CPU
		{8E8C6E85-E0E7-42B4-BE11-2017D44D5EFD}.Debug|Any CPU.Build.0 = Debug|Any CPU
		{8E8C6E85-E0E7-42B4-BE11-2017D44D5EFD}.Release|Any CPU.ActiveCfg = Release|Any CPU
		{8E8C6E85-E0E7-42B4-BE11-2017D44D5EFD}.Release|Any CPU.Build.0 = Release|Any CPU
		{7442F7F9-F0A8-4633-9E88-AF09949CE606}.Debug|Any CPU.ActiveCfg = Debug|Any CPU
		{7442F7F9-F0A8-4633-9E88-AF09949CE606}.Debug|Any CPU.Build.0 = Debug|Any CPU
		{7442F7F9-F0A8-4633-9E88-AF09949CE606}.Release|Any CPU.ActiveCfg = Release|Any CPU
		{7442F7F9-F0A8-4633-9E88-AF09949CE606}.Release|Any CPU.Build.0 = Release|Any CPU
	EndGlobalSection
	GlobalSection(SolutionProperties) = preSolution
		HideSolutionNode = FALSE
	EndGlobalSection
	GlobalSection(NestedProjects) = preSolution
		{8D5EC52C-E4B5-45EF-9704-CC7E1EC4AE6B} = {5F6E6896-96C7-4C1A-A82C-F3B73BAA045D}
		{26392A63-830C-4B66-A35E-23C1040125E0} = {5F6E6896-96C7-4C1A-A82C-F3B73BAA045D}
		{A4726E2C-FCC9-414E-9658-59A00236A9E0} = {5AA51DC6-0937-41EF-B929-E5C8818B2F67}
		{9A1F640F-70CE-4832-A716-C3B7E1562B5C} = {5F6E6896-96C7-4C1A-A82C-F3B73BAA045D}
		{A9FB6442-D33F-4D41-AA9F-0916F1750565} = {5AA51DC6-0937-41EF-B929-E5C8818B2F67}
		{FAF72E7C-9EFC-43EC-BA04-E5EACCF3FEA0} = {5F6E6896-96C7-4C1A-A82C-F3B73BAA045D}
		{BDE2D3AD-FEE6-43A5-9428-176B232DC07B} = {5F6E6896-96C7-4C1A-A82C-F3B73BAA045D}
		{B211CB30-DAF2-4DB7-AD56-54A8CD2CF82E} = {5F6E6896-96C7-4C1A-A82C-F3B73BAA045D}
		{ED482583-1872-4784-A7C3-3AD07AB0FA14} = {5F6E6896-96C7-4C1A-A82C-F3B73BAA045D}
		{94F24AF9-BFD2-41B2-9052-3696EC93357C} = {189167BA-01A1-44D2-91FF-C2618E096B8D}
		{7442F7F9-F0A8-4633-9E88-AF09949CE606} = {5F6E6896-96C7-4C1A-A82C-F3B73BAA045D}
	EndGlobalSection
	GlobalSection(ExtensibilityGlobals) = postSolution
		SolutionGuid = {D5286075-97E5-49DE-8AF3-E6209692A3AF}
	EndGlobalSection
EndGlobal
