
Microsoft Visual Studio Solution File, Format Version 12.00
# Visual Studio Version 17
VisualStudioVersion = 17.9.34714.143
MinimumVisualStudioVersion = 10.0.40219.1
Project("{9A19103F-16F7-4668-BE54-9A1E7A4F7556}") = "MagicHat.DecalService", "MagicHat.DecalService\MagicHat.DecalService.csproj", "{C0BCF6D4-72D4-4812-9674-4A882D7B35C5}"
EndProject
Project("{2150E333-8FDC-42A3-9474-1A3956D46DE8}") = "Plugins", "Plugins", "{5F6E6896-96C7-4C1A-A82C-F3B73BAA045D}"
EndProject
Project("{9A19103F-16F7-4668-BE54-9A1E7A4F7556}") = "Core.AC", "Plugins\Core.AC\Core.AC.csproj", "{8D5EC52C-E4B5-45EF-9704-CC7E1EC4AE6B}"
EndProject
Project("{9A19103F-16F7-4668-BE54-9A1E7A4F7556}") = "Core.Lua", "Plugins\Core.Lua\Core.Lua.csproj", "{3C6C394A-8D9D-43E4-9147-5E084261C38D}"
EndProject
Project("{9A19103F-16F7-4668-BE54-9A1E7A4F7556}") = "Core.UI", "Plugins\Core.UI\Core.UI.csproj", "{8AD301FC-D603-44E6-964A-2F2BC3DE52AF}"
EndProject
Project("{9A19103F-16F7-4668-BE54-9A1E7A4F7556}") = "Core.DatService", "Plugins\Core.DatService\Core.DatService.csproj", "{26392A63-830C-4B66-A35E-23C1040125E0}"
EndProject
Project("{9A19103F-16F7-4668-BE54-9A1E7A4F7556}") = "MagicHat.Core", "MagicHat.Core\MagicHat.Core.csproj", "{ECFD7B76-6B27-4098-ADA2-34E42A711C24}"
EndProject
Project("{2150E333-8FDC-42A3-9474-1A3956D46DE8}") = "Launcher", "Launcher", "{5AA51DC6-0937-41EF-B929-E5C8818B2F67}"
EndProject
Project("{9A19103F-16F7-4668-BE54-9A1E7A4F7556}") = "Launcher", "Launcher\Launcher\Launcher.csproj", "{A4726E2C-FCC9-414E-9658-59A00236A9E0}"
EndProject
Project("{8BC9CEB8-8B4A-11D0-8D11-00A0C91BC942}") = "Reloaded.Mod.Loader.Bootstrapper", "Launcher\MagicHat.Bootstrap\Reloaded.Mod.Bootstrapper.vcxproj", "{56DFC45C-49FB-4409-823E-EE54637F58A1}"
EndProject
Project("{9A19103F-16F7-4668-BE54-9A1E7A4F7556}") = "Reloaded.Core.Bootstrap.ExampleDll", "Launcher\Reloaded.Core.Bootstrap.ExampleDll\Reloaded.Core.Bootstrap.ExampleDll.csproj", "{0522B14C-206D-45F8-90B8-84BDD50DA2AD}"
EndProject
Project("{2150E333-8FDC-42A3-9474-1A3956D46DE8}") = "ext", "ext", "{52AEE83B-EC3B-4515-ADD1-14F30847B5F8}"
EndProject
Project("{9A19103F-16F7-4668-BE54-9A1E7A4F7556}") = "DatReaderWriter", "ext\DatReaderWriter\DatReaderWriter\DatReaderWriter.csproj", "{31721F88-7943-4723-8FA9-1B1166147AEE}"
EndProject
Global
	GlobalSection(SolutionConfigurationPlatforms) = preSolution
		Debug|x86 = Debug|x86
		Release|x86 = Release|x86
	EndGlobalSection
	GlobalSection(ProjectConfigurationPlatforms) = postSolution
		{C0BCF6D4-72D4-4812-9674-4A882D7B35C5}.Debug|x86.ActiveCfg = Debug|x86
		{C0BCF6D4-72D4-4812-9674-4A882D7B35C5}.Debug|x86.Build.0 = Debug|x86
		{C0BCF6D4-72D4-4812-9674-4A882D7B35C5}.Release|x86.ActiveCfg = Release|x86
		{C0BCF6D4-72D4-4812-9674-4A882D7B35C5}.Release|x86.Build.0 = Release|x86
		{8D5EC52C-E4B5-45EF-9704-CC7E1EC4AE6B}.Debug|x86.ActiveCfg = Debug|x86
		{8D5EC52C-E4B5-45EF-9704-CC7E1EC4AE6B}.Debug|x86.Build.0 = Debug|x86
		{8D5EC52C-E4B5-45EF-9704-CC7E1EC4AE6B}.Release|x86.ActiveCfg = Release|x86
		{8D5EC52C-E4B5-45EF-9704-CC7E1EC4AE6B}.Release|x86.Build.0 = Release|x86
		{3C6C394A-8D9D-43E4-9147-5E084261C38D}.Debug|x86.ActiveCfg = Debug|x86
		{3C6C394A-8D9D-43E4-9147-5E084261C38D}.Debug|x86.Build.0 = Debug|x86
		{3C6C394A-8D9D-43E4-9147-5E084261C38D}.Release|x86.ActiveCfg = Release|x86
		{3C6C394A-8D9D-43E4-9147-5E084261C38D}.Release|x86.Build.0 = Release|x86
		{8AD301FC-D603-44E6-964A-2F2BC3DE52AF}.Debug|x86.ActiveCfg = Debug|x86
		{8AD301FC-D603-44E6-964A-2F2BC3DE52AF}.Debug|x86.Build.0 = Debug|x86
		{8AD301FC-D603-44E6-964A-2F2BC3DE52AF}.Release|x86.ActiveCfg = Release|x86
		{8AD301FC-D603-44E6-964A-2F2BC3DE52AF}.Release|x86.Build.0 = Release|x86
		{26392A63-830C-4B66-A35E-23C1040125E0}.Debug|x86.ActiveCfg = Debug|x86
		{26392A63-830C-4B66-A35E-23C1040125E0}.Debug|x86.Build.0 = Debug|x86
		{26392A63-830C-4B66-A35E-23C1040125E0}.Release|x86.ActiveCfg = Release|x86
		{26392A63-830C-4B66-A35E-23C1040125E0}.Release|x86.Build.0 = Release|x86
		{ECFD7B76-6B27-4098-ADA2-34E42A711C24}.Debug|x86.ActiveCfg = Debug|x86
		{ECFD7B76-6B27-4098-ADA2-34E42A711C24}.Debug|x86.Build.0 = Debug|x86
		{ECFD7B76-6B27-4098-ADA2-34E42A711C24}.Release|x86.ActiveCfg = Release|x86
		{ECFD7B76-6B27-4098-ADA2-34E42A711C24}.Release|x86.Build.0 = Release|x86
		{A4726E2C-FCC9-414E-9658-59A00236A9E0}.Debug|x86.ActiveCfg = Debug|x86
		{A4726E2C-FCC9-414E-9658-59A00236A9E0}.Debug|x86.Build.0 = Debug|x86
		{A4726E2C-FCC9-414E-9658-59A00236A9E0}.Release|x86.ActiveCfg = Release|x86
		{A4726E2C-FCC9-414E-9658-59A00236A9E0}.Release|x86.Build.0 = Release|x86
		{56DFC45C-49FB-4409-823E-EE54637F58A1}.Debug|x86.ActiveCfg = Debug|Win32
		{56DFC45C-49FB-4409-823E-EE54637F58A1}.Debug|x86.Build.0 = Debug|Win32
		{56DFC45C-49FB-4409-823E-EE54637F58A1}.Release|x86.ActiveCfg = Release|Win32
		{56DFC45C-49FB-4409-823E-EE54637F58A1}.Release|x86.Build.0 = Release|Win32
		{0522B14C-206D-45F8-90B8-84BDD50DA2AD}.Debug|x86.ActiveCfg = Debug|x86
		{0522B14C-206D-45F8-90B8-84BDD50DA2AD}.Debug|x86.Build.0 = Debug|x86
		{0522B14C-206D-45F8-90B8-84BDD50DA2AD}.Release|x86.ActiveCfg = Release|x86
		{0522B14C-206D-45F8-90B8-84BDD50DA2AD}.Release|x86.Build.0 = Release|x86
		{31721F88-7943-4723-8FA9-1B1166147AEE}.Debug|x86.ActiveCfg = Debug|x86
		{31721F88-7943-4723-8FA9-1B1166147AEE}.Debug|x86.Build.0 = Debug|x86
		{31721F88-7943-4723-8FA9-1B1166147AEE}.Release|x86.ActiveCfg = Release|x86
		{31721F88-7943-4723-8FA9-1B1166147AEE}.Release|x86.Build.0 = Release|x86
	EndGlobalSection
	GlobalSection(SolutionProperties) = preSolution
		HideSolutionNode = FALSE
	EndGlobalSection
	GlobalSection(NestedProjects) = preSolution
		{8D5EC52C-E4B5-45EF-9704-CC7E1EC4AE6B} = {5F6E6896-96C7-4C1A-A82C-F3B73BAA045D}
		{3C6C394A-8D9D-43E4-9147-5E084261C38D} = {5F6E6896-96C7-4C1A-A82C-F3B73BAA045D}
		{8AD301FC-D603-44E6-964A-2F2BC3DE52AF} = {5F6E6896-96C7-4C1A-A82C-F3B73BAA045D}
		{26392A63-830C-4B66-A35E-23C1040125E0} = {5F6E6896-96C7-4C1A-A82C-F3B73BAA045D}
		{A4726E2C-FCC9-414E-9658-59A00236A9E0} = {5AA51DC6-0937-41EF-B929-E5C8818B2F67}
		{56DFC45C-49FB-4409-823E-EE54637F58A1} = {5AA51DC6-0937-41EF-B929-E5C8818B2F67}
		{0522B14C-206D-45F8-90B8-84BDD50DA2AD} = {5AA51DC6-0937-41EF-B929-E5C8818B2F67}
		{31721F88-7943-4723-8FA9-1B1166147AEE} = {52AEE83B-EC3B-4515-ADD1-14F30847B5F8}
	EndGlobalSection
	GlobalSection(ExtensibilityGlobals) = postSolution
		SolutionGuid = {D5286075-97E5-49DE-8AF3-E6209692A3AF}
	EndGlobalSection
EndGlobal
