
Microsoft Visual Studio Solution File, Format Version 12.00
# Visual Studio Version 17
VisualStudioVersion = 17.9.34714.143
MinimumVisualStudioVersion = 10.0.40219.1
Project("{9A19103F-16F7-4668-BE54-9A1E7A4F7556}") = "MagicHat.Service", "MagicHat.Service\MagicHat.Service.csproj", "{C0BCF6D4-72D4-4812-9674-4A882D7B35C5}"
EndProject
Project("{2150E333-8FDC-42A3-9474-1A3956D46DE8}") = "Plugins", "Plugins", "{5F6E6896-96C7-4C1A-A82C-F3B73BAA045D}"
EndProject
Project("{9A19103F-16F7-4668-BE54-9A1E7A4F7556}") = "Core.AC", "Plugins\Core.AC\Core.AC.csproj", "{8D5EC52C-E4B5-45EF-9704-CC7E1EC4AE6B}"
EndProject
Project("{9A19103F-16F7-4668-BE54-9A1E7A4F7556}") = "Core.Lua", "Plugins\Core.Lua\Core.Lua.csproj", "{3C6C394A-8D9D-43E4-9147-5E084261C38D}"
EndProject
Project("{9A19103F-16F7-4668-BE54-9A1E7A4F7556}") = "Core.UI", "Plugins\Core.UI\Core.UI.csproj", "{8AD301FC-D603-44E6-964A-2F2BC3DE52AF}"
EndProject
Project("{2150E333-8FDC-42A3-9474-1A3956D46DE8}") = "ext", "ext", "{69871C96-81E3-49DD-95CB-F031362781D6}"
EndProject
Global
	GlobalSection(SolutionConfigurationPlatforms) = preSolution
		Debug|Any CPU = Debug|Any CPU
		Debug|x86 = Debug|x86
		Release|Any CPU = Release|Any CPU
		Release|x86 = Release|x86
	EndGlobalSection
	GlobalSection(ProjectConfigurationPlatforms) = postSolution
		{C0BCF6D4-72D4-4812-9674-4A882D7B35C5}.Debug|Any CPU.ActiveCfg = Debug|x86
		{C0BCF6D4-72D4-4812-9674-4A882D7B35C5}.Debug|Any CPU.Build.0 = Debug|x86
		{C0BCF6D4-72D4-4812-9674-4A882D7B35C5}.Debug|x86.ActiveCfg = Debug|x86
		{C0BCF6D4-72D4-4812-9674-4A882D7B35C5}.Debug|x86.Build.0 = Debug|x86
		{C0BCF6D4-72D4-4812-9674-4A882D7B35C5}.Release|Any CPU.ActiveCfg = Release|x86
		{C0BCF6D4-72D4-4812-9674-4A882D7B35C5}.Release|Any CPU.Build.0 = Release|x86
		{C0BCF6D4-72D4-4812-9674-4A882D7B35C5}.Release|x86.ActiveCfg = Release|x86
		{C0BCF6D4-72D4-4812-9674-4A882D7B35C5}.Release|x86.Build.0 = Release|x86
		{8D5EC52C-E4B5-45EF-9704-CC7E1EC4AE6B}.Debug|Any CPU.ActiveCfg = Debug|x86
		{8D5EC52C-E4B5-45EF-9704-CC7E1EC4AE6B}.Debug|Any CPU.Build.0 = Debug|x86
		{8D5EC52C-E4B5-45EF-9704-CC7E1EC4AE6B}.Debug|x86.ActiveCfg = Debug|x86
		{8D5EC52C-E4B5-45EF-9704-CC7E1EC4AE6B}.Debug|x86.Build.0 = Debug|x86
		{8D5EC52C-E4B5-45EF-9704-CC7E1EC4AE6B}.Release|Any CPU.ActiveCfg = Release|x86
		{8D5EC52C-E4B5-45EF-9704-CC7E1EC4AE6B}.Release|Any CPU.Build.0 = Release|x86
		{8D5EC52C-E4B5-45EF-9704-CC7E1EC4AE6B}.Release|x86.ActiveCfg = Release|x86
		{8D5EC52C-E4B5-45EF-9704-CC7E1EC4AE6B}.Release|x86.Build.0 = Release|x86
		{3C6C394A-8D9D-43E4-9147-5E084261C38D}.Debug|Any CPU.ActiveCfg = Debug|x86
		{3C6C394A-8D9D-43E4-9147-5E084261C38D}.Debug|x86.ActiveCfg = Debug|x86
		{3C6C394A-8D9D-43E4-9147-5E084261C38D}.Debug|x86.Build.0 = Debug|x86
		{3C6C394A-8D9D-43E4-9147-5E084261C38D}.Release|Any CPU.ActiveCfg = Release|x86
		{3C6C394A-8D9D-43E4-9147-5E084261C38D}.Release|x86.ActiveCfg = Release|x86
		{3C6C394A-8D9D-43E4-9147-5E084261C38D}.Release|x86.Build.0 = Release|x86
		{8AD301FC-D603-44E6-964A-2F2BC3DE52AF}.Debug|Any CPU.ActiveCfg = Debug|x86
		{8AD301FC-D603-44E6-964A-2F2BC3DE52AF}.Debug|Any CPU.Build.0 = Debug|x86
		{8AD301FC-D603-44E6-964A-2F2BC3DE52AF}.Debug|x86.ActiveCfg = Debug|x86
		{8AD301FC-D603-44E6-964A-2F2BC3DE52AF}.Debug|x86.Build.0 = Debug|x86
		{8AD301FC-D603-44E6-964A-2F2BC3DE52AF}.Release|Any CPU.ActiveCfg = Release|x86
		{8AD301FC-D603-44E6-964A-2F2BC3DE52AF}.Release|Any CPU.Build.0 = Release|x86
		{8AD301FC-D603-44E6-964A-2F2BC3DE52AF}.Release|x86.ActiveCfg = Release|x86
		{8AD301FC-D603-44E6-964A-2F2BC3DE52AF}.Release|x86.Build.0 = Release|x86
	EndGlobalSection
	GlobalSection(SolutionProperties) = preSolution
		HideSolutionNode = FALSE
	EndGlobalSection
	GlobalSection(NestedProjects) = preSolution
		{8D5EC52C-E4B5-45EF-9704-CC7E1EC4AE6B} = {5F6E6896-96C7-4C1A-A82C-F3B73BAA045D}
		{3C6C394A-8D9D-43E4-9147-5E084261C38D} = {5F6E6896-96C7-4C1A-A82C-F3B73BAA045D}
		{8AD301FC-D603-44E6-964A-2F2BC3DE52AF} = {5F6E6896-96C7-4C1A-A82C-F3B73BAA045D}
	EndGlobalSection
	GlobalSection(ExtensibilityGlobals) = postSolution
		SolutionGuid = {D5286075-97E5-49DE-8AF3-E6209692A3AF}
	EndGlobalSection
EndGlobal
