
Microsoft Visual Studio Solution File, Format Version 12.00
# Visual Studio Version 17
VisualStudioVersion = 17.9.34714.143
MinimumVisualStudioVersion = 10.0.40219.1
Project("{2150E333-8FDC-42A3-9474-1A3956D46DE8}") = "Plugins", "Plugins", "{5F6E6896-96C7-4C1A-A82C-F3B73BAA045D}"
EndProject
Project("{9A19103F-16F7-4668-BE54-9A1E7A4F7556}") = "Core.AC", "Plugins\Core.AC\Core.AC.csproj", "{8D5EC52C-E4B5-45EF-9704-CC7E1EC4AE6B}"
EndProject
Project("{9A19103F-16F7-4668-BE54-9A1E7A4F7556}") = "Core.Lua", "Plugins\Core.Lua\Core.Lua.csproj", "{3C6C394A-8D9D-43E4-9147-5E084261C38D}"
EndProject
Project("{9A19103F-16F7-4668-BE54-9A1E7A4F7556}") = "Core.UI", "Plugins\Core.UI\Core.UI.csproj", "{8AD301FC-D603-44E6-964A-2F2BC3DE52AF}"
EndProject
Project("{9A19103F-16F7-4668-BE54-9A1E7A4F7556}") = "Core.DatService", "Plugins\Core.DatService\Core.DatService.csproj", "{26392A63-830C-4B66-A35E-23C1040125E0}"
EndProject
Project("{9A19103F-16F7-4668-BE54-9A1E7A4F7556}") = "MagicHat.Core", "MagicHat.Core\MagicHat.Core.csproj", "{ECFD7B76-6B27-4098-ADA2-34E42A711C24}"
EndProject
Project("{2150E333-8FDC-42A3-9474-1A3956D46DE8}") = "Launcher", "Launcher", "{5AA51DC6-0937-41EF-B929-E5C8818B2F67}"
EndProject
Project("{9A19103F-16F7-4668-BE54-9A1E7A4F7556}") = "Launcher", "Launcher\Launcher\Launcher.csproj", "{A4726E2C-FCC9-414E-9658-59A00236A9E0}"
EndProject
Project("{8BC9CEB8-8B4A-11D0-8D11-00A0C91BC942}") = "MagicHat.Bootstrapper", "Launcher\MagicHat.Bootstrapper\MagicHat.Bootstrapper.vcxproj", "{56DFC45C-49FB-4409-823E-EE54637F58A1}"
EndProject
Project("{2150E333-8FDC-42A3-9474-1A3956D46DE8}") = "ext", "ext", "{52AEE83B-EC3B-4515-ADD1-14F30847B5F8}"
EndProject
Project("{9A19103F-16F7-4668-BE54-9A1E7A4F7556}") = "DatReaderWriter", "ext\DatReaderWriter\DatReaderWriter\DatReaderWriter.csproj", "{31721F88-7943-4723-8FA9-1B1166147AEE}"
EndProject
Project("{2150E333-8FDC-42A3-9474-1A3956D46DE8}") = "Loaders", "Loaders", "{A349937F-00E9-48C7-9846-65A13C5AB718}"
EndProject
Project("{2150E333-8FDC-42A3-9474-1A3956D46DE8}") = "Backends", "Backends", "{F27F9A01-6A17-4634-ACFF-36C9D227A7D1}"
EndProject
Project("{9A19103F-16F7-4668-BE54-9A1E7A4F7556}") = "MagicHat.Backends.ACBackend", "MagicHat.Backends.ACBackend\MagicHat.Backends.ACBackend.csproj", "{96EB4590-E0EA-4D79-BC25-F42BCACD167D}"
EndProject
Project("{9A19103F-16F7-4668-BE54-9A1E7A4F7556}") = "MagicHat.Loader.Injected", "Loaders\MagicHat.Loader.Injected\MagicHat.Loader.Injected.csproj", "{B6E97D89-04A9-4C75-ABA6-465B27925E53}"
EndProject
Project("{9A19103F-16F7-4668-BE54-9A1E7A4F7556}") = "MagicHat.ACProtocol", "ext\ACProtocol\MagicHat.ACProtocol\MagicHat.ACProtocol.csproj", "{91D37015-E1C3-481C-B246-76711EABE6F6}"
EndProject
Project("{9A19103F-16F7-4668-BE54-9A1E7A4F7556}") = "MagicHat.ACProtocol.SourceGen", "ext\ACProtocol\MagicHat.ACProtocol.SourceGen\MagicHat.ACProtocol.SourceGen.csproj", "{44A6DA3C-3B5E-4C3C-BA6E-009542A344FB}"
EndProject
Global
	GlobalSection(SolutionConfigurationPlatforms) = preSolution
		Debug|Any CPU = Debug|Any CPU
		Debug|x86 = Debug|x86
		Release|Any CPU = Release|Any CPU
		Release|x86 = Release|x86
	EndGlobalSection
	GlobalSection(ProjectConfigurationPlatforms) = postSolution
		{8D5EC52C-E4B5-45EF-9704-CC7E1EC4AE6B}.Debug|Any CPU.ActiveCfg = Debug|x86
		{8D5EC52C-E4B5-45EF-9704-CC7E1EC4AE6B}.Debug|Any CPU.Build.0 = Debug|x86
		{8D5EC52C-E4B5-45EF-9704-CC7E1EC4AE6B}.Debug|x86.ActiveCfg = Debug|x86
		{8D5EC52C-E4B5-45EF-9704-CC7E1EC4AE6B}.Debug|x86.Build.0 = Debug|x86
		{8D5EC52C-E4B5-45EF-9704-CC7E1EC4AE6B}.Release|Any CPU.ActiveCfg = Release|x86
		{8D5EC52C-E4B5-45EF-9704-CC7E1EC4AE6B}.Release|Any CPU.Build.0 = Release|x86
		{8D5EC52C-E4B5-45EF-9704-CC7E1EC4AE6B}.Release|x86.ActiveCfg = Release|x86
		{8D5EC52C-E4B5-45EF-9704-CC7E1EC4AE6B}.Release|x86.Build.0 = Release|x86
		{3C6C394A-8D9D-43E4-9147-5E084261C38D}.Debug|Any CPU.ActiveCfg = Debug|x86
		{3C6C394A-8D9D-43E4-9147-5E084261C38D}.Debug|Any CPU.Build.0 = Debug|x86
		{3C6C394A-8D9D-43E4-9147-5E084261C38D}.Debug|x86.ActiveCfg = Debug|x86
		{3C6C394A-8D9D-43E4-9147-5E084261C38D}.Debug|x86.Build.0 = Debug|x86
		{3C6C394A-8D9D-43E4-9147-5E084261C38D}.Release|Any CPU.ActiveCfg = Release|x86
		{3C6C394A-8D9D-43E4-9147-5E084261C38D}.Release|Any CPU.Build.0 = Release|x86
		{3C6C394A-8D9D-43E4-9147-5E084261C38D}.Release|x86.ActiveCfg = Release|x86
		{3C6C394A-8D9D-43E4-9147-5E084261C38D}.Release|x86.Build.0 = Release|x86
		{8AD301FC-D603-44E6-964A-2F2BC3DE52AF}.Debug|Any CPU.ActiveCfg = Debug|x86
		{8AD301FC-D603-44E6-964A-2F2BC3DE52AF}.Debug|Any CPU.Build.0 = Debug|x86
		{8AD301FC-D603-44E6-964A-2F2BC3DE52AF}.Debug|x86.ActiveCfg = Debug|x86
		{8AD301FC-D603-44E6-964A-2F2BC3DE52AF}.Debug|x86.Build.0 = Debug|x86
		{8AD301FC-D603-44E6-964A-2F2BC3DE52AF}.Release|Any CPU.ActiveCfg = Release|x86
		{8AD301FC-D603-44E6-964A-2F2BC3DE52AF}.Release|Any CPU.Build.0 = Release|x86
		{8AD301FC-D603-44E6-964A-2F2BC3DE52AF}.Release|x86.ActiveCfg = Release|x86
		{8AD301FC-D603-44E6-964A-2F2BC3DE52AF}.Release|x86.Build.0 = Release|x86
		{26392A63-830C-4B66-A35E-23C1040125E0}.Debug|Any CPU.ActiveCfg = Debug|x86
		{26392A63-830C-4B66-A35E-23C1040125E0}.Debug|Any CPU.Build.0 = Debug|x86
		{26392A63-830C-4B66-A35E-23C1040125E0}.Debug|x86.ActiveCfg = Debug|x86
		{26392A63-830C-4B66-A35E-23C1040125E0}.Debug|x86.Build.0 = Debug|x86
		{26392A63-830C-4B66-A35E-23C1040125E0}.Release|Any CPU.ActiveCfg = Release|x86
		{26392A63-830C-4B66-A35E-23C1040125E0}.Release|Any CPU.Build.0 = Release|x86
		{26392A63-830C-4B66-A35E-23C1040125E0}.Release|x86.ActiveCfg = Release|x86
		{26392A63-830C-4B66-A35E-23C1040125E0}.Release|x86.Build.0 = Release|x86
		{ECFD7B76-6B27-4098-ADA2-34E42A711C24}.Debug|Any CPU.ActiveCfg = Debug|x86
		{ECFD7B76-6B27-4098-ADA2-34E42A711C24}.Debug|Any CPU.Build.0 = Debug|x86
		{ECFD7B76-6B27-4098-ADA2-34E42A711C24}.Debug|x86.ActiveCfg = Debug|x86
		{ECFD7B76-6B27-4098-ADA2-34E42A711C24}.Debug|x86.Build.0 = Debug|x86
		{ECFD7B76-6B27-4098-ADA2-34E42A711C24}.Release|Any CPU.ActiveCfg = Release|x86
		{ECFD7B76-6B27-4098-ADA2-34E42A711C24}.Release|Any CPU.Build.0 = Release|x86
		{ECFD7B76-6B27-4098-ADA2-34E42A711C24}.Release|x86.ActiveCfg = Release|x86
		{ECFD7B76-6B27-4098-ADA2-34E42A711C24}.Release|x86.Build.0 = Release|x86
		{A4726E2C-FCC9-414E-9658-59A00236A9E0}.Debug|Any CPU.ActiveCfg = Debug|x86
		{A4726E2C-FCC9-414E-9658-59A00236A9E0}.Debug|Any CPU.Build.0 = Debug|x86
		{A4726E2C-FCC9-414E-9658-59A00236A9E0}.Debug|x86.ActiveCfg = Debug|x86
		{A4726E2C-FCC9-414E-9658-59A00236A9E0}.Debug|x86.Build.0 = Debug|x86
		{A4726E2C-FCC9-414E-9658-59A00236A9E0}.Release|Any CPU.ActiveCfg = Release|x86
		{A4726E2C-FCC9-414E-9658-59A00236A9E0}.Release|Any CPU.Build.0 = Release|x86
		{A4726E2C-FCC9-414E-9658-59A00236A9E0}.Release|x86.ActiveCfg = Release|x86
		{A4726E2C-FCC9-414E-9658-59A00236A9E0}.Release|x86.Build.0 = Release|x86
		{56DFC45C-49FB-4409-823E-EE54637F58A1}.Debug|Any CPU.ActiveCfg = Debug|x64
		{56DFC45C-49FB-4409-823E-EE54637F58A1}.Debug|Any CPU.Build.0 = Debug|x64
		{56DFC45C-49FB-4409-823E-EE54637F58A1}.Debug|x86.ActiveCfg = Debug|Win32
		{56DFC45C-49FB-4409-823E-EE54637F58A1}.Debug|x86.Build.0 = Debug|Win32
		{56DFC45C-49FB-4409-823E-EE54637F58A1}.Release|Any CPU.ActiveCfg = Release|x64
		{56DFC45C-49FB-4409-823E-EE54637F58A1}.Release|Any CPU.Build.0 = Release|x64
		{56DFC45C-49FB-4409-823E-EE54637F58A1}.Release|x86.ActiveCfg = Release|Win32
		{56DFC45C-49FB-4409-823E-EE54637F58A1}.Release|x86.Build.0 = Release|Win32
		{31721F88-7943-4723-8FA9-1B1166147AEE}.Debug|Any CPU.ActiveCfg = Debug|Any CPU
		{31721F88-7943-4723-8FA9-1B1166147AEE}.Debug|Any CPU.Build.0 = Debug|Any CPU
		{31721F88-7943-4723-8FA9-1B1166147AEE}.Debug|x86.ActiveCfg = Debug|x86
		{31721F88-7943-4723-8FA9-1B1166147AEE}.Debug|x86.Build.0 = Debug|x86
		{31721F88-7943-4723-8FA9-1B1166147AEE}.Release|Any CPU.ActiveCfg = Release|Any CPU
		{31721F88-7943-4723-8FA9-1B1166147AEE}.Release|Any CPU.Build.0 = Release|Any CPU
		{31721F88-7943-4723-8FA9-1B1166147AEE}.Release|x86.ActiveCfg = Release|x86
		{31721F88-7943-4723-8FA9-1B1166147AEE}.Release|x86.Build.0 = Release|x86
		{96EB4590-E0EA-4D79-BC25-F42BCACD167D}.Debug|Any CPU.ActiveCfg = Debug|x86
		{96EB4590-E0EA-4D79-BC25-F42BCACD167D}.Debug|Any CPU.Build.0 = Debug|x86
		{96EB4590-E0EA-4D79-BC25-F42BCACD167D}.Debug|x86.ActiveCfg = Debug|x86
		{96EB4590-E0EA-4D79-BC25-F42BCACD167D}.Debug|x86.Build.0 = Debug|x86
		{96EB4590-E0EA-4D79-BC25-F42BCACD167D}.Release|Any CPU.ActiveCfg = Release|x86
		{96EB4590-E0EA-4D79-BC25-F42BCACD167D}.Release|Any CPU.Build.0 = Release|x86
		{96EB4590-E0EA-4D79-BC25-F42BCACD167D}.Release|x86.ActiveCfg = Release|x86
		{96EB4590-E0EA-4D79-BC25-F42BCACD167D}.Release|x86.Build.0 = Release|x86
		{B6E97D89-04A9-4C75-ABA6-465B27925E53}.Debug|Any CPU.ActiveCfg = Debug|x86
		{B6E97D89-04A9-4C75-ABA6-465B27925E53}.Debug|Any CPU.Build.0 = Debug|x86
		{B6E97D89-04A9-4C75-ABA6-465B27925E53}.Debug|x86.ActiveCfg = Debug|x86
		{B6E97D89-04A9-4C75-ABA6-465B27925E53}.Debug|x86.Build.0 = Debug|x86
		{B6E97D89-04A9-4C75-ABA6-465B27925E53}.Release|Any CPU.ActiveCfg = Release|x86
		{B6E97D89-04A9-4C75-ABA6-465B27925E53}.Release|Any CPU.Build.0 = Release|x86
		{B6E97D89-04A9-4C75-ABA6-465B27925E53}.Release|x86.ActiveCfg = Release|x86
		{B6E97D89-04A9-4C75-ABA6-465B27925E53}.Release|x86.Build.0 = Release|x86
		{91D37015-E1C3-481C-B246-76711EABE6F6}.Debug|Any CPU.ActiveCfg = Debug|Any CPU
		{91D37015-E1C3-481C-B246-76711EABE6F6}.Debug|Any CPU.Build.0 = Debug|Any CPU
		{91D37015-E1C3-481C-B246-76711EABE6F6}.Debug|x86.ActiveCfg = Debug|Any CPU
		{91D37015-E1C3-481C-B246-76711EABE6F6}.Debug|x86.Build.0 = Debug|Any CPU
		{91D37015-E1C3-481C-B246-76711EABE6F6}.Release|Any CPU.ActiveCfg = Release|Any CPU
		{91D37015-E1C3-481C-B246-76711EABE6F6}.Release|Any CPU.Build.0 = Release|Any CPU
		{91D37015-E1C3-481C-B246-76711EABE6F6}.Release|x86.ActiveCfg = Release|Any CPU
		{91D37015-E1C3-481C-B246-76711EABE6F6}.Release|x86.Build.0 = Release|Any CPU
		{44A6DA3C-3B5E-4C3C-BA6E-009542A344FB}.Debug|Any CPU.ActiveCfg = Debug|Any CPU
		{44A6DA3C-3B5E-4C3C-BA6E-009542A344FB}.Debug|Any CPU.Build.0 = Debug|Any CPU
		{44A6DA3C-3B5E-4C3C-BA6E-009542A344FB}.Debug|x86.ActiveCfg = Debug|Any CPU
		{44A6DA3C-3B5E-4C3C-BA6E-009542A344FB}.Debug|x86.Build.0 = Debug|Any CPU
		{44A6DA3C-3B5E-4C3C-BA6E-009542A344FB}.Release|Any CPU.ActiveCfg = Release|Any CPU
		{44A6DA3C-3B5E-4C3C-BA6E-009542A344FB}.Release|Any CPU.Build.0 = Release|Any CPU
		{44A6DA3C-3B5E-4C3C-BA6E-009542A344FB}.Release|x86.ActiveCfg = Release|Any CPU
		{44A6DA3C-3B5E-4C3C-BA6E-009542A344FB}.Release|x86.Build.0 = Release|Any CPU
	EndGlobalSection
	GlobalSection(SolutionProperties) = preSolution
		HideSolutionNode = FALSE
	EndGlobalSection
	GlobalSection(NestedProjects) = preSolution
		{8D5EC52C-E4B5-45EF-9704-CC7E1EC4AE6B} = {5F6E6896-96C7-4C1A-A82C-F3B73BAA045D}
		{3C6C394A-8D9D-43E4-9147-5E084261C38D} = {5F6E6896-96C7-4C1A-A82C-F3B73BAA045D}
		{8AD301FC-D603-44E6-964A-2F2BC3DE52AF} = {5F6E6896-96C7-4C1A-A82C-F3B73BAA045D}
		{26392A63-830C-4B66-A35E-23C1040125E0} = {5F6E6896-96C7-4C1A-A82C-F3B73BAA045D}
		{A4726E2C-FCC9-414E-9658-59A00236A9E0} = {5AA51DC6-0937-41EF-B929-E5C8818B2F67}
		{56DFC45C-49FB-4409-823E-EE54637F58A1} = {5AA51DC6-0937-41EF-B929-E5C8818B2F67}
		{31721F88-7943-4723-8FA9-1B1166147AEE} = {52AEE83B-EC3B-4515-ADD1-14F30847B5F8}
		{96EB4590-E0EA-4D79-BC25-F42BCACD167D} = {F27F9A01-6A17-4634-ACFF-36C9D227A7D1}
		{B6E97D89-04A9-4C75-ABA6-465B27925E53} = {A349937F-00E9-48C7-9846-65A13C5AB718}
		{91D37015-E1C3-481C-B246-76711EABE6F6} = {52AEE83B-EC3B-4515-ADD1-14F30847B5F8}
		{44A6DA3C-3B5E-4C3C-BA6E-009542A344FB} = {52AEE83B-EC3B-4515-ADD1-14F30847B5F8}
	EndGlobalSection
	GlobalSection(ExtensibilityGlobals) = postSolution
		SolutionGuid = {D5286075-97E5-49DE-8AF3-E6209692A3AF}
	EndGlobalSection
EndGlobal
