
Microsoft Visual Studio Solution File, Format Version 12.00
# Visual Studio Version 17
VisualStudioVersion = 17.5.002.0
MinimumVisualStudioVersion = 10.0.40219.1
Project("{9A19103F-16F7-4668-BE54-9A1E7A4F7556}") = "Core.AC", "Core.AC\Core.AC.csproj", "{2680882C-F1E3-45AE-81E4-94FEF79FE6F6}"
EndProject
Project("{9A19103F-16F7-4668-BE54-9A1E7A4F7556}") = "Core.DatService", "Core.DatService\Core.DatService.csproj", "{1F5AD436-0D11-4E0F-B090-765FA9503D65}"
EndProject
Project("{9A19103F-16F7-4668-BE54-9A1E7A4F7556}") = "Core.Launcher", "Core.Launcher\Core.Launcher.csproj", "{330FA931-AF8E-43F7-B9D5-FD5A7204D88C}"
EndProject
Project("{9A19103F-16F7-4668-BE54-9A1E7A4F7556}") = "Core.Lua", "Core.Lua\Core.Lua.csproj", "{FCFA316E-BCAC-4FD9-A24F-44B52C3FF962}"
EndProject
Project("{9A19103F-16F7-4668-BE54-9A1E7A4F7556}") = "Core.UI", "Core.UI\Core.UI.csproj", "{A1600ED0-DDFE-454D-B97A-15275E4CE523}"
EndProject
Global
	GlobalSection(SolutionConfigurationPlatforms) = preSolution
		Debug|Any CPU = Debug|Any CPU
		Release|Any CPU = Release|Any CPU
	EndGlobalSection
	GlobalSection(ProjectConfigurationPlatforms) = postSolution
		{2680882C-F1E3-45AE-81E4-94FEF79FE6F6}.Debug|Any CPU.ActiveCfg = Debug|Any CPU
		{2680882C-F1E3-45AE-81E4-94FEF79FE6F6}.Debug|Any CPU.Build.0 = Debug|Any CPU
		{2680882C-F1E3-45AE-81E4-94FEF79FE6F6}.Release|Any CPU.ActiveCfg = Release|Any CPU
		{2680882C-F1E3-45AE-81E4-94FEF79FE6F6}.Release|Any CPU.Build.0 = Release|Any CPU
		{1F5AD436-0D11-4E0F-B090-765FA9503D65}.Debug|Any CPU.ActiveCfg = Debug|Any CPU
		{1F5AD436-0D11-4E0F-B090-765FA9503D65}.Debug|Any CPU.Build.0 = Debug|Any CPU
		{1F5AD436-0D11-4E0F-B090-765FA9503D65}.Release|Any CPU.ActiveCfg = Release|Any CPU
		{1F5AD436-0D11-4E0F-B090-765FA9503D65}.Release|Any CPU.Build.0 = Release|Any CPU
		{330FA931-AF8E-43F7-B9D5-FD5A7204D88C}.Debug|Any CPU.ActiveCfg = Debug|Any CPU
		{330FA931-AF8E-43F7-B9D5-FD5A7204D88C}.Debug|Any CPU.Build.0 = Debug|Any CPU
		{330FA931-AF8E-43F7-B9D5-FD5A7204D88C}.Release|Any CPU.ActiveCfg = Release|Any CPU
		{330FA931-AF8E-43F7-B9D5-FD5A7204D88C}.Release|Any CPU.Build.0 = Release|Any CPU
		{FCFA316E-BCAC-4FD9-A24F-44B52C3FF962}.Debug|Any CPU.ActiveCfg = Debug|Any CPU
		{FCFA316E-BCAC-4FD9-A24F-44B52C3FF962}.Debug|Any CPU.Build.0 = Debug|Any CPU
		{FCFA316E-BCAC-4FD9-A24F-44B52C3FF962}.Release|Any CPU.ActiveCfg = Release|Any CPU
		{FCFA316E-BCAC-4FD9-A24F-44B52C3FF962}.Release|Any CPU.Build.0 = Release|Any CPU
		{A1600ED0-DDFE-454D-B97A-15275E4CE523}.Debug|Any CPU.ActiveCfg = Debug|Any CPU
		{A1600ED0-DDFE-454D-B97A-15275E4CE523}.Debug|Any CPU.Build.0 = Debug|Any CPU
		{A1600ED0-DDFE-454D-B97A-15275E4CE523}.Release|Any CPU.ActiveCfg = Release|Any CPU
		{A1600ED0-DDFE-454D-B97A-15275E4CE523}.Release|Any CPU.Build.0 = Release|Any CPU
	EndGlobalSection
	GlobalSection(SolutionProperties) = preSolution
		HideSolutionNode = FALSE
	EndGlobalSection
	GlobalSection(ExtensibilityGlobals) = postSolution
		SolutionGuid = {605ABBD0-CB01-432C-8E2B-5A9297B5A5F9}
	EndGlobalSection
EndGlobal
