
Microsoft Visual Studio Solution File, Format Version 12.00
# Visual Studio Version 17
VisualStudioVersion = 17.5.002.0
MinimumVisualStudioVersion = 10.0.40219.1
Project("{9A19103F-16F7-4668-BE54-9A1E7A4F7556}") = "Core.AC", "Core.AC\Core.AC.csproj", "{4FC2F21F-5CB2-41A5-BED2-19BAAAB6E8D2}"
EndProject
Project("{9A19103F-16F7-4668-BE54-9A1E7A4F7556}") = "Core.DatService", "Core.DatService\Core.DatService.csproj", "{1BAE3CAB-0732-4B53-85A9-6E712539BFDC}"
EndProject
Project("{9A19103F-16F7-4668-BE54-9A1E7A4F7556}") = "Core.Launcher", "Core.Launcher\Core.Launcher.csproj", "{0B279040-67DB-4A7F-9B36-298E31DCB9B6}"
EndProject
Project("{9A19103F-16F7-4668-BE54-9A1E7A4F7556}") = "Core.UI", "Core.UI\Core.UI.csproj", "{68AB3D18-427D-4ECD-AC4E-95369A73B5FC}"
EndProject
Global
	GlobalSection(SolutionConfigurationPlatforms) = preSolution
		Debug|Any CPU = Debug|Any CPU
		Release|Any CPU = Release|Any CPU
	EndGlobalSection
	GlobalSection(ProjectConfigurationPlatforms) = postSolution
		{4FC2F21F-5CB2-41A5-BED2-19BAAAB6E8D2}.Debug|Any CPU.ActiveCfg = Debug|Any CPU
		{4FC2F21F-5CB2-41A5-BED2-19BAAAB6E8D2}.Debug|Any CPU.Build.0 = Debug|Any CPU
		{4FC2F21F-5CB2-41A5-BED2-19BAAAB6E8D2}.Release|Any CPU.ActiveCfg = Release|Any CPU
		{4FC2F21F-5CB2-41A5-BED2-19BAAAB6E8D2}.Release|Any CPU.Build.0 = Release|Any CPU
		{1BAE3CAB-0732-4B53-85A9-6E712539BFDC}.Debug|Any CPU.ActiveCfg = Debug|Any CPU
		{1BAE3CAB-0732-4B53-85A9-6E712539BFDC}.Debug|Any CPU.Build.0 = Debug|Any CPU
		{1BAE3CAB-0732-4B53-85A9-6E712539BFDC}.Release|Any CPU.ActiveCfg = Release|Any CPU
		{1BAE3CAB-0732-4B53-85A9-6E712539BFDC}.Release|Any CPU.Build.0 = Release|Any CPU
		{0B279040-67DB-4A7F-9B36-298E31DCB9B6}.Debug|Any CPU.ActiveCfg = Debug|Any CPU
		{0B279040-67DB-4A7F-9B36-298E31DCB9B6}.Debug|Any CPU.Build.0 = Debug|Any CPU
		{0B279040-67DB-4A7F-9B36-298E31DCB9B6}.Release|Any CPU.ActiveCfg = Release|Any CPU
		{0B279040-67DB-4A7F-9B36-298E31DCB9B6}.Release|Any CPU.Build.0 = Release|Any CPU
		{68AB3D18-427D-4ECD-AC4E-95369A73B5FC}.Debug|Any CPU.ActiveCfg = Debug|Any CPU
		{68AB3D18-427D-4ECD-AC4E-95369A73B5FC}.Debug|Any CPU.Build.0 = Debug|Any CPU
		{68AB3D18-427D-4ECD-AC4E-95369A73B5FC}.Release|Any CPU.ActiveCfg = Release|Any CPU
		{68AB3D18-427D-4ECD-AC4E-95369A73B5FC}.Release|Any CPU.Build.0 = Release|Any CPU
	EndGlobalSection
	GlobalSection(SolutionProperties) = preSolution
		HideSolutionNode = FALSE
	EndGlobalSection
	GlobalSection(ExtensibilityGlobals) = postSolution
		SolutionGuid = {91F92C01-FA82-49F8-A307-2AD8B9C7CC91}
	EndGlobalSection
EndGlobal
